
Microsoft Visual Studio Solution File, Format Version 12.00
# Visual Studio Version 16
VisualStudioVersion = 16.0.33328.57
MinimumVisualStudioVersion = 10.0.40219.1
Project("{FAE04EC0-301F-11D3-BF4B-00C04F79EFBC}") = "SonsuzHayal", "SonsuzHayal.csproj", "{852B82EB-25C5-43CF-9199-1968486522F6}"
EndProject
Global
	GlobalSection(SolutionConfigurationPlatforms) = preSolution
		Debug|Any CPU = Debug|Any CPU
		Release|Any CPU = Release|Any CPU
	EndGlobalSection
	GlobalSection(ProjectConfigurationPlatforms) = postSolution
		{852B82EB-25C5-43CF-9199-1968486522F6}.Debug|Any CPU.ActiveCfg = Debug|Any CPU
		{852B82EB-25C5-43CF-9199-1968486522F6}.Debug|Any CPU.Build.0 = Debug|Any CPU
		{852B82EB-25C5-43CF-9199-1968486522F6}.Release|Any CPU.ActiveCfg = Release|Any CPU
		{852B82EB-25C5-43CF-9199-1968486522F6}.Release|Any CPU.Build.0 = Release|Any CPU
	EndGlobalSection
	GlobalSection(SolutionProperties) = preSolution
		HideSolutionNode = FALSE
	EndGlobalSection
	GlobalSection(ExtensibilityGlobals) = postSolution
		SolutionGuid = {147BAA0D-502B-4067-8B49-AB26AE5C16C0}
	EndGlobalSection
EndGlobal
